{
  "name": "sealJS",
  "lockfileVersion": 3,
  "requires": true,
  "packages": {
    "": {
      "dependencies": {
        "geographiclib": "^1.52.2",
        "node-seal": "^5.1.4"
      }
    },
    "node_modules/geographiclib": {
      "version": "1.52.2",
      "resolved": "https://registry.npmjs.org/geographiclib/-/geographiclib-1.52.2.tgz",
      "integrity": "sha512-c550+nvtkNj2wYubkDTvyujiLLYyW64paku7k3xesbtgH+Rzb5rrs/FaCrzHCjwer1EA59ENldS/IFGa3nMoOg==",
      "deprecated": "This package has been split into geographic-geodesic + geographiclib-dms; use one or both of these instead of geographiclib.",
      "license": "MIT"
    },
    "node_modules/node-seal": {
      "version": "5.1.4",
      "resolved": "https://registry.npmjs.org/node-seal/-/node-seal-5.1.4.tgz",
      "integrity": "sha512-GwxUupLuLP9wMivqybwT9OOhkDunADBnQmKFbwabnZaPgQTBXY3AZRWDamUCQxzWjn7t+Pxwl8FxZSisgKXJwA==",
      "license": "MIT"
    }
  }
}
